// !$*UTF8*$!
{
	archiveVersion = 1;
	classes = {
	};
	objectVersion = 46;
	objects = {

/* Begin PBXBuildFile section */
		C7029EC31C69136400DE1AC2 /* main.m in Sources */ = {isa = PBXBuildFile; fileRef = C7029EC21C69136400DE1AC2 /* main.m */; };
		C7029EC61C69136400DE1AC2 /* AppDelegate.m in Sources */ = {isa = PBXBuildFile; fileRef = C7029EC51C69136400DE1AC2 /* AppDelegate.m */; };
		C7029ECC1C69136400DE1AC2 /* Main.storyboard in Resources */ = {isa = PBXBuildFile; fileRef = C7029ECA1C69136400DE1AC2 /* Main.storyboard */; };
		C7029ECE1C69136400DE1AC2 /* Assets.xcassets in Resources */ = {isa = PBXBuildFile; fileRef = C7029ECD1C69136400DE1AC2 /* Assets.xcassets */; };
		C7029ED11C69136400DE1AC2 /* LaunchScreen.storyboard in Resources */ = {isa = PBXBuildFile; fileRef = C7029ECF1C69136400DE1AC2 /* LaunchScreen.storyboard */; };
		C7029EDC1C69136400DE1AC2 /* Parallels_testTests.m in Sources */ = {isa = PBXBuildFile; fileRef = C7029EDB1C69136400DE1AC2 /* Parallels_testTests.m */; };
		C7029EEA1C69252000DE1AC2 /* PMOPictureListTVC.m in Sources */ = {isa = PBXBuildFile; fileRef = C7029EE91C69252000DE1AC2 /* PMOPictureListTVC.m */; };
		C7029EED1C69BA2700DE1AC2 /* PMOPicture.m in Sources */ = {isa = PBXBuildFile; fileRef = C7029EEC1C69BA2700DE1AC2 /* PMOPicture.m */; };
		C7029EEF1C6A8A6A00DE1AC2 /* Storyboard_ipad.storyboard in Resources */ = {isa = PBXBuildFile; fileRef = C7029EEE1C6A8A6A00DE1AC2 /* Storyboard_ipad.storyboard */; };
		C7029EF81C6A8E6800DE1AC2 /* PMOPictureViewController.m in Sources */ = {isa = PBXBuildFile; fileRef = C7029EF71C6A8E6800DE1AC2 /* PMOPictureViewController.m */; };
/* End PBXBuildFile section */

/* Begin PBXContainerItemProxy section */
		C7029ED81C69136400DE1AC2 /* PBXContainerItemProxy */ = {
			isa = PBXContainerItemProxy;
			containerPortal = C7029EB61C69136400DE1AC2 /* Project object */;
			proxyType = 1;
			remoteGlobalIDString = C7029EBD1C69136400DE1AC2;
			remoteInfo = Parallels_test;
		};
/* End PBXContainerItemProxy section */

/* Begin PBXFileReference section */
		C7029EBE1C69136400DE1AC2 /* Parallels_test.app */ = {isa = PBXFileReference; explicitFileType = wrapper.application; includeInIndex = 0; path = Parallels_test.app; sourceTree = BUILT_PRODUCTS_DIR; };
		C7029EC21C69136400DE1AC2 /* main.m */ = {isa = PBXFileReference; lastKnownFileType = sourcecode.c.objc; path = main.m; sourceTree = "<group>"; };
		C7029EC41C69136400DE1AC2 /* AppDelegate.h */ = {isa = PBXFileReference; lastKnownFileType = sourcecode.c.h; path = AppDelegate.h; sourceTree = "<group>"; };
		C7029EC51C69136400DE1AC2 /* AppDelegate.m */ = {isa = PBXFileReference; lastKnownFileType = sourcecode.c.objc; path = AppDelegate.m; sourceTree = "<group>"; };
		C7029ECB1C69136400DE1AC2 /* Base */ = {isa = PBXFileReference; lastKnownFileType = file.storyboard; name = Base; path = Base.lproj/Main.storyboard; sourceTree = "<group>"; };
		C7029ECD1C69136400DE1AC2 /* Assets.xcassets */ = {isa = PBXFileReference; lastKnownFileType = folder.assetcatalog; path = Assets.xcassets; sourceTree = "<group>"; };
		C7029ED01C69136400DE1AC2 /* Base */ = {isa = PBXFileReference; lastKnownFileType = file.storyboard; name = Base; path = Base.lproj/LaunchScreen.storyboard; sourceTree = "<group>"; };
		C7029ED21C69136400DE1AC2 /* Info.plist */ = {isa = PBXFileReference; lastKnownFileType = text.plist.xml; path = Info.plist; sourceTree = "<group>"; };
		C7029ED71C69136400DE1AC2 /* Parallels_testTests.xctest */ = {isa = PBXFileReference; explicitFileType = wrapper.cfbundle; includeInIndex = 0; path = Parallels_testTests.xctest; sourceTree = BUILT_PRODUCTS_DIR; };
		C7029EDB1C69136400DE1AC2 /* Parallels_testTests.m */ = {isa = PBXFileReference; lastKnownFileType = sourcecode.c.objc; path = Parallels_testTests.m; sourceTree = "<group>"; };
		C7029EDD1C69136400DE1AC2 /* Info.plist */ = {isa = PBXFileReference; lastKnownFileType = text.plist.xml; path = Info.plist; sourceTree = "<group>"; };
		C7029EE81C69252000DE1AC2 /* PMOPictureListTVC.h */ = {isa = PBXFileReference; fileEncoding = 4; lastKnownFileType = sourcecode.c.h; path = PMOPictureListTVC.h; sourceTree = "<group>"; };
		C7029EE91C69252000DE1AC2 /* PMOPictureListTVC.m */ = {isa = PBXFileReference; fileEncoding = 4; lastKnownFileType = sourcecode.c.objc; path = PMOPictureListTVC.m; sourceTree = "<group>"; };
		C7029EEB1C69BA2700DE1AC2 /* PMOPicture.h */ = {isa = PBXFileReference; fileEncoding = 4; lastKnownFileType = sourcecode.c.h; path = PMOPicture.h; sourceTree = "<group>"; };
		C7029EEC1C69BA2700DE1AC2 /* PMOPicture.m */ = {isa = PBXFileReference; fileEncoding = 4; lastKnownFileType = sourcecode.c.objc; path = PMOPicture.m; sourceTree = "<group>"; };
		C7029EEE1C6A8A6A00DE1AC2 /* Storyboard_ipad.storyboard */ = {isa = PBXFileReference; fileEncoding = 4; lastKnownFileType = file.storyboard; name = Storyboard_ipad.storyboard; path = ../Storyboard_ipad.storyboard; sourceTree = "<group>"; };
		C7029EF61C6A8E6800DE1AC2 /* PMOPictureViewController.h */ = {isa = PBXFileReference; fileEncoding = 4; lastKnownFileType = sourcecode.c.h; path = PMOPictureViewController.h; sourceTree = "<group>"; };
		C7029EF71C6A8E6800DE1AC2 /* PMOPictureViewController.m */ = {isa = PBXFileReference; fileEncoding = 4; lastKnownFileType = sourcecode.c.objc; path = PMOPictureViewController.m; sourceTree = "<group>"; };
/* End PBXFileReference section */

/* Begin PBXFrameworksBuildPhase section */
		C7029EBB1C69136400DE1AC2 /* Frameworks */ = {
			isa = PBXFrameworksBuildPhase;
			buildActionMask = 2147483647;
			files = (
			);
			runOnlyForDeploymentPostprocessing = 0;
		};
		C7029ED41C69136400DE1AC2 /* Frameworks */ = {
			isa = PBXFrameworksBuildPhase;
			buildActionMask = 2147483647;
			files = (
			);
			runOnlyForDeploymentPostprocessing = 0;
		};
/* End PBXFrameworksBuildPhase section */

/* Begin PBXGroup section */
		C7029EB51C69136400DE1AC2 = {
			isa = PBXGroup;
			children = (
				C7029EC01C69136400DE1AC2 /* Parallels_test */,
				C7029EDA1C69136400DE1AC2 /* Parallels_testTests */,
				C7029EBF1C69136400DE1AC2 /* Products */,
			);
			sourceTree = "<group>";
		};
		C7029EBF1C69136400DE1AC2 /* Products */ = {
			isa = PBXGroup;
			children = (
				C7029EBE1C69136400DE1AC2 /* Parallels_test.app */,
				C7029ED71C69136400DE1AC2 /* Parallels_testTests.xctest */,
			);
			name = Products;
			sourceTree = "<group>";
		};
		C7029EC01C69136400DE1AC2 /* Parallels_test */ = {
			isa = PBXGroup;
			children = (
				C7029EF61C6A8E6800DE1AC2 /* PMOPictureViewController.h */,
				C7029EF71C6A8E6800DE1AC2 /* PMOPictureViewController.m */,
				C7029EC41C69136400DE1AC2 /* AppDelegate.h */,
				C7029EC51C69136400DE1AC2 /* AppDelegate.m */,
				C7029EE81C69252000DE1AC2 /* PMOPictureListTVC.h */,
				C7029EE91C69252000DE1AC2 /* PMOPictureListTVC.m */,
				C7029EEB1C69BA2700DE1AC2 /* PMOPicture.h */,
				C7029EEC1C69BA2700DE1AC2 /* PMOPicture.m */,
				C7029ECA1C69136400DE1AC2 /* Main.storyboard */,
				C7029EEE1C6A8A6A00DE1AC2 /* Storyboard_ipad.storyboard */,
				C7029ECD1C69136400DE1AC2 /* Assets.xcassets */,
				C7029ECF1C69136400DE1AC2 /* LaunchScreen.storyboard */,
				C7029ED21C69136400DE1AC2 /* Info.plist */,
				C7029EC11C69136400DE1AC2 /* Supporting Files */,
			);
			path = Parallels_test;
			sourceTree = "<group>";
		};
		C7029EC11C69136400DE1AC2 /* Supporting Files */ = {
			isa = PBXGroup;
			children = (
				C7029EC21C69136400DE1AC2 /* main.m */,
			);
			name = "Supporting Files";
			sourceTree = "<group>";
		};
		C7029EDA1C69136400DE1AC2 /* Parallels_testTests */ = {
			isa = PBXGroup;
			children = (
				C7029EDB1C69136400DE1AC2 /* Parallels_testTests.m */,
				C7029EDD1C69136400DE1AC2 /* Info.plist */,
			);
			path = Parallels_testTests;
			sourceTree = "<group>";
		};
/* End PBXGroup section */

/* Begin PBXNativeTarget section */
		C7029EBD1C69136400DE1AC2 /* Parallels_test */ = {
			isa = PBXNativeTarget;
			buildConfigurationList = C7029EE01C69136400DE1AC2 /* Build configuration list for PBXNativeTarget "Parallels_test" */;
			buildPhases = (
				C7029EBA1C69136400DE1AC2 /* Sources */,
				C7029EBB1C69136400DE1AC2 /* Frameworks */,
				C7029EBC1C69136400DE1AC2 /* Resources */,
			);
			buildRules = (
			);
			dependencies = (
			);
			name = Parallels_test;
			productName = Parallels_test;
			productReference = C7029EBE1C69136400DE1AC2 /* Parallels_test.app */;
			productType = "com.apple.product-type.application";
		};
		C7029ED61C69136400DE1AC2 /* Parallels_testTests */ = {
			isa = PBXNativeTarget;
			buildConfigurationList = C7029EE31C69136400DE1AC2 /* Build configuration list for PBXNativeTarget "Parallels_testTests" */;
			buildPhases = (
				C7029ED31C69136400DE1AC2 /* Sources */,
				C7029ED41C69136400DE1AC2 /* Frameworks */,
				C7029ED51C69136400DE1AC2 /* Resources */,
			);
			buildRules = (
			);
			dependencies = (
				C7029ED91C69136400DE1AC2 /* PBXTargetDependency */,
			);
			name = Parallels_testTests;
			productName = Parallels_testTests;
			productReference = C7029ED71C69136400DE1AC2 /* Parallels_testTests.xctest */;
			productType = "com.apple.product-type.bundle.unit-test";
		};
/* End PBXNativeTarget section */

/* Begin PBXProject section */
		C7029EB61C69136400DE1AC2 /* Project object */ = {
			isa = PBXProject;
			attributes = {
				LastUpgradeCheck = 0720;
				ORGANIZATIONNAME = "Peter Molnar";
				TargetAttributes = {
					C7029EBD1C69136400DE1AC2 = {
						CreatedOnToolsVersion = 7.2;
					};
					C7029ED61C69136400DE1AC2 = {
						CreatedOnToolsVersion = 7.2;
						TestTargetID = C7029EBD1C69136400DE1AC2;
					};
				};
			};
			buildConfigurationList = C7029EB91C69136400DE1AC2 /* Build configuration list for PBXProject "Parallels_test" */;
			compatibilityVersion = "Xcode 3.2";
			developmentRegion = English;
			hasScannedForEncodings = 0;
			knownRegions = (
				en,
				Base,
			);
			mainGroup = C7029EB51C69136400DE1AC2;
			productRefGroup = C7029EBF1C69136400DE1AC2 /* Products */;
			projectDirPath = "";
			projectRoot = "";
			targets = (
				C7029EBD1C69136400DE1AC2 /* Parallels_test */,
				C7029ED61C69136400DE1AC2 /* Parallels_testTests */,
			);
		};
/* End PBXProject section */

/* Begin PBXResourcesBuildPhase section */
		C7029EBC1C69136400DE1AC2 /* Resources */ = {
			isa = PBXResourcesBuildPhase;
			buildActionMask = 2147483647;
			files = (
				C7029ED11C69136400DE1AC2 /* LaunchScreen.storyboard in Resources */,
				C7029ECE1C69136400DE1AC2 /* Assets.xcassets in Resources */,
				C7029ECC1C69136400DE1AC2 /* Main.storyboard in Resources */,
				C7029EEF1C6A8A6A00DE1AC2 /* Storyboard_ipad.storyboard in Resources */,
			);
			runOnlyForDeploymentPostprocessing = 0;
		};
		C7029ED51C69136400DE1AC2 /* Resources */ = {
			isa = PBXResourcesBuildPhase;
			buildActionMask = 2147483647;
			files = (
			);
			runOnlyForDeploymentPostprocessing = 0;
		};
/* End PBXResourcesBuildPhase section */

/* Begin PBXSourcesBuildPhase section */
		C7029EBA1C69136400DE1AC2 /* Sources */ = {
			isa = PBXSourcesBuildPhase;
			buildActionMask = 2147483647;
			files = (
				C7029EC61C69136400DE1AC2 /* AppDelegate.m in Sources */,
				C7029EC31C69136400DE1AC2 /* main.m in Sources */,
				C7029EF81C6A8E6800DE1AC2 /* PMOPictureViewController.m in Sources */,
				C7029EEA1C69252000DE1AC2 /* PMOPictureListTVC.m in Sources */,
				C7029EED1C69BA2700DE1AC2 /* PMOPicture.m in Sources */,
			);
			runOnlyForDeploymentPostprocessing = 0;
		};
		C7029ED31C69136400DE1AC2 /* Sources */ = {
			isa = PBXSourcesBuildPhase;
			buildActionMask = 2147483647;
			files = (
				C7029EDC1C69136400DE1AC2 /* Parallels_testTests.m in Sources */,
			);
			runOnlyForDeploymentPostprocessing = 0;
		};
/* End PBXSourcesBuildPhase section */

/* Begin PBXTargetDependency section */
		C7029ED91C69136400DE1AC2 /* PBXTargetDependency */ = {
			isa = PBXTargetDependency;
			target = C7029EBD1C69136400DE1AC2 /* Parallels_test */;
			targetProxy = C7029ED81C69136400DE1AC2 /* PBXContainerItemProxy */;
		};
/* End PBXTargetDependency section */

/* Begin PBXVariantGroup section */
		C7029ECA1C69136400DE1AC2 /* Main.storyboard */ = {
			isa = PBXVariantGroup;
			children = (
				C7029ECB1C69136400DE1AC2 /* Base */,
			);
			name = Main.storyboard;
			sourceTree = "<group>";
		};
		C7029ECF1C69136400DE1AC2 /* LaunchScreen.storyboard */ = {
			isa = PBXVariantGroup;
			children = (
				C7029ED01C69136400DE1AC2 /* Base */,
			);
			name = LaunchScreen.storyboard;
			sourceTree = "<group>";
		};
/* End PBXVariantGroup section */

/* Begin XCBuildConfiguration section */
		C7029EDE1C69136400DE1AC2 /* Debug */ = {
			isa = XCBuildConfiguration;
			buildSettings = {
				ALWAYS_SEARCH_USER_PATHS = NO;
				CLANG_CXX_LANGUAGE_STANDARD = "gnu++0x";
				CLANG_CXX_LIBRARY = "libc++";
				CLANG_ENABLE_MODULES = YES;
				CLANG_ENABLE_OBJC_ARC = YES;
				CLANG_WARN_BOOL_CONVERSION = YES;
				CLANG_WARN_CONSTANT_CONVERSION = YES;
				CLANG_WARN_DIRECT_OBJC_ISA_USAGE = YES_ERROR;
				CLANG_WARN_EMPTY_BODY = YES;
				CLANG_WARN_ENUM_CONVERSION = YES;
				CLANG_WARN_INT_CONVERSION = YES;
				CLANG_WARN_OBJC_ROOT_CLASS = YES_ERROR;
				CLANG_WARN_UNREACHABLE_CODE = YES;
				CLANG_WARN__DUPLICATE_METHOD_MATCH = YES;
				"CODE_SIGN_IDENTITY[sdk=iphoneos*]" = "iPhone Developer";
				COPY_PHASE_STRIP = NO;
				DEBUG_INFORMATION_FORMAT = dwarf;
				ENABLE_STRICT_OBJC_MSGSEND = YES;
				ENABLE_TESTABILITY = YES;
				GCC_C_LANGUAGE_STANDARD = gnu99;
				GCC_DYNAMIC_NO_PIC = NO;
				GCC_NO_COMMON_BLOCKS = YES;
				GCC_OPTIMIZATION_LEVEL = 0;
				GCC_PREPROCESSOR_DEFINITIONS = (
					"DEBUG=1",
					"$(inherited)",
				);
				GCC_WARN_64_TO_32_BIT_CONVERSION = YES;
				GCC_WARN_ABOUT_RETURN_TYPE = YES_ERROR;
				GCC_WARN_UNDECLARED_SELECTOR = YES;
				GCC_WARN_UNINITIALIZED_AUTOS = YES_AGGRESSIVE;
				GCC_WARN_UNUSED_FUNCTION = YES;
				GCC_WARN_UNUSED_VARIABLE = YES;
				IPHONEOS_DEPLOYMENT_TARGET = 8.1;
				MTL_ENABLE_DEBUG_INFO = YES;
				ONLY_ACTIVE_ARCH = YES;
				SDKROOT = iphoneos;
				TARGETED_DEVICE_FAMILY = "1,2";
			};
			name = Debug;
		};
		C7029EDF1C69136400DE1AC2 /* Release */ = {
			isa = XCBuildConfiguration;
			buildSettings = {
				ALWAYS_SEARCH_USER_PATHS = NO;
				CLANG_CXX_LANGUAGE_STANDARD = "gnu++0x";
				CLANG_CXX_LIBRARY = "libc++";
				CLANG_ENABLE_MODULES = YES;
				CLANG_ENABLE_OBJC_ARC = YES;
				CLANG_WARN_BOOL_CONVERSION = YES;
				CLANG_WARN_CONSTANT_CONVERSION = YES;
				CLANG_WARN_DIRECT_OBJC_ISA_USAGE = YES_ERROR;
				CLANG_WARN_EMPTY_BODY = YES;
				CLANG_WARN_ENUM_CONVERSION = YES;
				CLANG_WARN_INT_CONVERSION = YES;
				CLANG_WARN_OBJC_ROOT_CLASS = YES_ERROR;
				CLANG_WARN_UNREACHABLE_CODE = YES;
				CLANG_WARN__DUPLICATE_METHOD_MATCH = YES;
				"CODE_SIGN_IDENTITY[sdk=iphoneos*]" = "iPhone Developer";
				COPY_PHASE_STRIP = NO;
				DEBUG_INFORMATION_FORMAT = "dwarf-with-dsym";
				ENABLE_NS_ASSERTIONS = NO;
				ENABLE_STRICT_OBJC_MSGSEND = YES;
				GCC_C_LANGUAGE_STANDARD = gnu99;
				GCC_NO_COMMON_BLOCKS = YES;
				GCC_WARN_64_TO_32_BIT_CONVERSION = YES;
				GCC_WARN_ABOUT_RETURN_TYPE = YES_ERROR;
				GCC_WARN_UNDECLARED_SELECTOR = YES;
				GCC_WARN_UNINITIALIZED_AUTOS = YES_AGGRESSIVE;
				GCC_WARN_UNUSED_FUNCTION = YES;
				GCC_WARN_UNUSED_VARIABLE = YES;
				IPHONEOS_DEPLOYMENT_TARGET = 8.1;
				MTL_ENABLE_DEBUG_INFO = NO;
				SDKROOT = iphoneos;
				TARGETED_DEVICE_FAMILY = "1,2";
				VALIDATE_PRODUCT = YES;
			};
			name = Release;
		};
		C7029EE11C69136400DE1AC2 /* Debug */ = {
			isa = XCBuildConfiguration;
			buildSettings = {
				ASSETCATALOG_COMPILER_APPICON_NAME = AppIcon;
				INFOPLIST_FILE = Parallels_test/Info.plist;
				IPHONEOS_DEPLOYMENT_TARGET = 8.1;
				LD_RUNPATH_SEARCH_PATHS = "$(inherited) @executable_path/Frameworks";
				PRODUCT_BUNDLE_IDENTIFIER = "hu.petermolnar.Parallels-test";
				PRODUCT_NAME = "$(TARGET_NAME)";
				TARGETED_DEVICE_FAMILY = "1,2";
			};
			name = Debug;
		};
		C7029EE21C69136400DE1AC2 /* Release */ = {
			isa = XCBuildConfiguration;
			buildSettings = {
				ASSETCATALOG_COMPILER_APPICON_NAME = AppIcon;
				INFOPLIST_FILE = Parallels_test/Info.plist;
				IPHONEOS_DEPLOYMENT_TARGET = 8.1;
				LD_RUNPATH_SEARCH_PATHS = "$(inherited) @executable_path/Frameworks";
				PRODUCT_BUNDLE_IDENTIFIER = "hu.petermolnar.Parallels-test";
				PRODUCT_NAME = "$(TARGET_NAME)";
				TARGETED_DEVICE_FAMILY = "1,2";
			};
			name = Release;
		};
		C7029EE41C69136400DE1AC2 /* Debug */ = {
			isa = XCBuildConfiguration;
			buildSettings = {
				BUNDLE_LOADER = "$(TEST_HOST)";
				INFOPLIST_FILE = Parallels_testTests/Info.plist;
				LD_RUNPATH_SEARCH_PATHS = "$(inherited) @executable_path/Frameworks @loader_path/Frameworks";
				PRODUCT_BUNDLE_IDENTIFIER = "hu.petermolnar.Parallels-testTests";
				PRODUCT_NAME = "$(TARGET_NAME)";
				TEST_HOST = "$(BUILT_PRODUCTS_DIR)/Parallels_test.app/Parallels_test";
			};
			name = Debug;
		};
		C7029EE51C69136400DE1AC2 /* Release */ = {
			isa = XCBuildConfiguration;
			buildSettings = {
				BUNDLE_LOADER = "$(TEST_HOST)";
				INFOPLIST_FILE = Parallels_testTests/Info.plist;
				LD_RUNPATH_SEARCH_PATHS = "$(inherited) @executable_path/Frameworks @loader_path/Frameworks";
				PRODUCT_BUNDLE_IDENTIFIER = "hu.petermolnar.Parallels-testTests";
				PRODUCT_NAME = "$(TARGET_NAME)";
				TEST_HOST = "$(BUILT_PRODUCTS_DIR)/Parallels_test.app/Parallels_test";
			};
			name = Release;
		};
/* End XCBuildConfiguration section */

/* Begin XCConfigurationList section */
		C7029EB91C69136400DE1AC2 /* Build configuration list for PBXProject "Parallels_test" */ = {
			isa = XCConfigurationList;
			buildConfigurations = (
				C7029EDE1C69136400DE1AC2 /* Debug */,
				C7029EDF1C69136400DE1AC2 /* Release */,
			);
			defaultConfigurationIsVisible = 0;
			defaultConfigurationName = Release;
		};
		C7029EE01C69136400DE1AC2 /* Build configuration list for PBXNativeTarget "Parallels_test" */ = {
			isa = XCConfigurationList;
			buildConfigurations = (
				C7029EE11C69136400DE1AC2 /* Debug */,
				C7029EE21C69136400DE1AC2 /* Release */,
			);
			defaultConfigurationIsVisible = 0;
			defaultConfigurationName = Release;
		};
		C7029EE31C69136400DE1AC2 /* Build configuration list for PBXNativeTarget "Parallels_testTests" */ = {
			isa = XCConfigurationList;
			buildConfigurations = (
				C7029EE41C69136400DE1AC2 /* Debug */,
				C7029EE51C69136400DE1AC2 /* Release */,
			);
			defaultConfigurationIsVisible = 0;
			defaultConfigurationName = Release;
		};
/* End XCConfigurationList section */
	};
	rootObject = C7029EB61C69136400DE1AC2 /* Project object */;
}
